
Microsoft Visual Studio Solution File, Format Version 12.00
# Visual Studio Version 17
VisualStudioVersion = 17.8.34330.188
MinimumVisualStudioVersion = 10.0.40219.1
Project("{FAE04EC0-301F-11D3-BF4B-00C04F79EFBC}") = "SimpleIntegrationAi.WPF", "SimpleIntegrationAi.WPF\SimpleIntegrationAi.WPF.csproj", "{36E5B19D-06AA-4931-B9C6-6AF87080DD87}"
EndProject
Project("{FAE04EC0-301F-11D3-BF4B-00C04F79EFBC}") = "SimpleIntegrationAi.Domain", "SimpleIntegrationAi.Domain\SimpleIntegrationAi.Domain.csproj", "{75DD1749-0A15-4BC7-B346-2C59D574F0F4}"
EndProject
Global
	GlobalSection(SolutionConfigurationPlatforms) = preSolution
		Debug|Any CPU = Debug|Any CPU
		Release|Any CPU = Release|Any CPU
	EndGlobalSection
	GlobalSection(ProjectConfigurationPlatforms) = postSolution
		{36E5B19D-06AA-4931-B9C6-6AF87080DD87}.Debug|Any CPU.ActiveCfg = Debug|Any CPU
		{36E5B19D-06AA-4931-B9C6-6AF87080DD87}.Debug|Any CPU.Build.0 = Debug|Any CPU
		{36E5B19D-06AA-4931-B9C6-6AF87080DD87}.Release|Any CPU.ActiveCfg = Release|Any CPU
		{36E5B19D-06AA-4931-B9C6-6AF87080DD87}.Release|Any CPU.Build.0 = Release|Any CPU
		{75DD1749-0A15-4BC7-B346-2C59D574F0F4}.Debug|Any CPU.ActiveCfg = Debug|Any CPU
		{75DD1749-0A15-4BC7-B346-2C59D574F0F4}.Debug|Any CPU.Build.0 = Debug|Any CPU
		{75DD1749-0A15-4BC7-B346-2C59D574F0F4}.Release|Any CPU.ActiveCfg = Release|Any CPU
		{75DD1749-0A15-4BC7-B346-2C59D574F0F4}.Release|Any CPU.Build.0 = Release|Any CPU
	EndGlobalSection
	GlobalSection(SolutionProperties) = preSolution
		HideSolutionNode = FALSE
	EndGlobalSection
	GlobalSection(ExtensibilityGlobals) = postSolution
		SolutionGuid = {353B7310-AC5C-4333-BFBC-96C1B068D349}
	EndGlobalSection
EndGlobal
